
Microsoft Visual Studio Solution File, Format Version 12.00
# Visual Studio Version 17
VisualStudioVersion = 17.2.32630.192
MinimumVisualStudioVersion = 10.0.40219.1
Project("{FAE04EC0-301F-11D3-BF4B-00C04F79EFBC}") = "Abstract", "Abstract\Abstract.csproj", "{04AAFC02-6440-434F-A679-3BB643BC838B}"
EndProject
Global
	GlobalSection(SolutionConfigurationPlatforms) = preSolution
		Debug|Any CPU = Debug|Any CPU
		Release|Any CPU = Release|Any CPU
	EndGlobalSection
	GlobalSection(ProjectConfigurationPlatforms) = postSolution
		{04AAFC02-6440-434F-A679-3BB643BC838B}.Debug|Any CPU.ActiveCfg = Debug|Any CPU
		{04AAFC02-6440-434F-A679-3BB643BC838B}.Debug|Any CPU.Build.0 = Debug|Any CPU
		{04AAFC02-6440-434F-A679-3BB643BC838B}.Release|Any CPU.ActiveCfg = Release|Any CPU
		{04AAFC02-6440-434F-A679-3BB643BC838B}.Release|Any CPU.Build.0 = Release|Any CPU
	EndGlobalSection
	GlobalSection(SolutionProperties) = preSolution
		HideSolutionNode = FALSE
	EndGlobalSection
	GlobalSection(ExtensibilityGlobals) = postSolution
		SolutionGuid = {041FD812-7C2C-4608-8919-8E639B8EDF9F}
	EndGlobalSection
EndGlobal
